
Microsoft Visual Studio Solution File, Format Version 12.00
# Visual Studio 15
VisualStudioVersion = 15.0.27130.2027
MinimumVisualStudioVersion = 10.0.40219.1
Project("{FAE04EC0-301F-11D3-BF4B-00C04F79EFBC}") = "MVCTheme", "MVCTheme\MVCTheme.csproj", "{05ABF159-1EAF-4D4C-9E2E-780D76E6FC72}"
EndProject
Global
	GlobalSection(SolutionConfigurationPlatforms) = preSolution
		Debug|Any CPU = Debug|Any CPU
		Release|Any CPU = Release|Any CPU
	EndGlobalSection
	GlobalSection(ProjectConfigurationPlatforms) = postSolution
		{05ABF159-1EAF-4D4C-9E2E-780D76E6FC72}.Debug|Any CPU.ActiveCfg = Debug|Any CPU
		{05ABF159-1EAF-4D4C-9E2E-780D76E6FC72}.Debug|Any CPU.Build.0 = Debug|Any CPU
		{05ABF159-1EAF-4D4C-9E2E-780D76E6FC72}.Release|Any CPU.ActiveCfg = Release|Any CPU
		{05ABF159-1EAF-4D4C-9E2E-780D76E6FC72}.Release|Any CPU.Build.0 = Release|Any CPU
	EndGlobalSection
	GlobalSection(SolutionProperties) = preSolution
		HideSolutionNode = FALSE
	EndGlobalSection
	GlobalSection(ExtensibilityGlobals) = postSolution
		SolutionGuid = {C795EBE1-8A86-49ED-B83E-3608B8791DA2}
	EndGlobalSection
EndGlobal
